
Microsoft Visual Studio Solution File, Format Version 12.00
# Visual Studio 2013
VisualStudioVersion = 12.0.31101.0
MinimumVisualStudioVersion = 10.0.40219.1
Project("{FAE04EC0-301F-11D3-BF4B-00C04F79EFBC}") = "WebClient.Charts.BarChart", "WebClient.Charts.BarChart\WebClient.Charts.BarChart.csproj", "{388F787A-450B-4689-A3EA-3B79C1BA61E0}"
EndProject
Project("{FAE04EC0-301F-11D3-BF4B-00C04F79EFBC}") = "Charts.BarChart", "Charts.BarChart\Charts.BarChart.csproj", "{1CF4D5B1-E2E4-4EA0-BA67-3B4328CD1419}"
EndProject
Global
	GlobalSection(SolutionConfigurationPlatforms) = preSolution
		Debug|Any CPU = Debug|Any CPU
		Release|Any CPU = Release|Any CPU
	EndGlobalSection
	GlobalSection(ProjectConfigurationPlatforms) = postSolution
		{388F787A-450B-4689-A3EA-3B79C1BA61E0}.Debug|Any CPU.ActiveCfg = Debug|Any CPU
		{388F787A-450B-4689-A3EA-3B79C1BA61E0}.Debug|Any CPU.Build.0 = Debug|Any CPU
		{388F787A-450B-4689-A3EA-3B79C1BA61E0}.Release|Any CPU.ActiveCfg = Release|Any CPU
		{388F787A-450B-4689-A3EA-3B79C1BA61E0}.Release|Any CPU.Build.0 = Release|Any CPU
		{1CF4D5B1-E2E4-4EA0-BA67-3B4328CD1419}.Debug|Any CPU.ActiveCfg = Debug|Any CPU
		{1CF4D5B1-E2E4-4EA0-BA67-3B4328CD1419}.Debug|Any CPU.Build.0 = Debug|Any CPU
		{1CF4D5B1-E2E4-4EA0-BA67-3B4328CD1419}.Release|Any CPU.ActiveCfg = Release|Any CPU
		{1CF4D5B1-E2E4-4EA0-BA67-3B4328CD1419}.Release|Any CPU.Build.0 = Release|Any CPU
	EndGlobalSection
	GlobalSection(SolutionProperties) = preSolution
		HideSolutionNode = FALSE
	EndGlobalSection
EndGlobal
